PODS:
  - BonMot (4.3.1)
  - FootlessParser (2.0.6)
  - Hue (2.0.1)
  - Nimble (8.0.1)
  - Quick (1.1.0)

DEPENDENCIES:
  - BonMot
  - FootlessParser
  - Hue
  - Nimble (> 8.0.0)
  - Quick

SPEC REPOS:
  https://github.com/cocoapods/specs.git:
    - BonMot
    - FootlessParser
    - Hue
    - Nimble
    - Quick

SPEC CHECKSUMS:
  BonMot: 043bb5a8834cc6d74e9d624742272b92385e0a27
  FootlessParser: b398f10654ea8aab5305ca0f9025c9b25a8a2562
  Hue: 354caec055fdc9d38b5ef33ca2e7224721843baf
  Nimble: 45f786ae66faa9a709624227fae502db55a8bdd0
  Quick: dafc587e21eed9f4cab3249b9f9015b0b7a7f71d

PODFILE CHECKSUM: 0c59967e8c552739147d322506fbe0a75c46e5e4

COCOAPODS: 1.7.0.beta.2
