PODS:
  - BonMot (5.3)
  - FootlessParser (0.5.1)
  - Hue (4.0.0)
  - Nimble (8.0.1)
  - Quick (2.0.0)

DEPENDENCIES:
  - BonMot
  - FootlessParser
  - Hue
  - Nimble
  - Quick

SPEC REPOS:
  trunk:
    - BonMot
    - FootlessParser
    - Hue
    - Nimble
    - Quick

SPEC CHECKSUMS:
  BonMot: 0104d1b4eda54f4a4b7393d6559539ef25498fbd
  FootlessParser: d59a9266ec55ed5a801fb171e25be43abfb42927
  Hue: afe18b4e819e2848e7d2d5b4b33f4d3f88dd921b
  Nimble: 45f786ae66faa9a709624227fae502db55a8bdd0
  Quick: ce1276c7c27ba2da3cb2fd0cde053c3648b3b22d

PODFILE CHECKSUM: 0a9952ae5ae92d366ef595e3f73f936be697cb14

COCOAPODS: 1.9.1
